
Microsoft Visual Studio Solution File, Format Version 12.00
# Visual Studio Version 16
VisualStudioVersion = 16.0.30717.126
MinimumVisualStudioVersion = 10.0.40219.1
Project("{9A19103F-16F7-4668-BE54-9A1E7A4F7556}") = "MelonBot.Bots", "MelonBot\MelonBot.Bots.csproj", "{F10BA9A1-5778-47D6-8C92-6FDCE918F4F0}"
EndProject
Project("{2150E333-8FDC-42A3-9474-1A3956D46DE8}") = "MelonBot.Bots", "MelonBot.Bots", "{6612C3C6-C469-412D-BACF-C29840BF377F}"
EndProject
Global
	GlobalSection(SolutionConfigurationPlatforms) = preSolution
		Debug|Any CPU = Debug|Any CPU
		Release|Any CPU = Release|Any CPU
	EndGlobalSection
	GlobalSection(ProjectConfigurationPlatforms) = postSolution
		{F10BA9A1-5778-47D6-8C92-6FDCE918F4F0}.Debug|Any CPU.ActiveCfg = Debug|Any CPU
		{F10BA9A1-5778-47D6-8C92-6FDCE918F4F0}.Debug|Any CPU.Build.0 = Debug|Any CPU
		{F10BA9A1-5778-47D6-8C92-6FDCE918F4F0}.Release|Any CPU.ActiveCfg = Release|Any CPU
		{F10BA9A1-5778-47D6-8C92-6FDCE918F4F0}.Release|Any CPU.Build.0 = Release|Any CPU
	EndGlobalSection
	GlobalSection(SolutionProperties) = preSolution
		HideSolutionNode = FALSE
	EndGlobalSection
	GlobalSection(NestedProjects) = preSolution
		{F10BA9A1-5778-47D6-8C92-6FDCE918F4F0} = {6612C3C6-C469-412D-BACF-C29840BF377F}
	EndGlobalSection
	GlobalSection(ExtensibilityGlobals) = postSolution
		SolutionGuid = {A4237B53-35F5-4A87-9274-858699DE1CD2}
	EndGlobalSection
EndGlobal
